{
  "originHash" : "f1abf0d7d20aa06dc38430d0c78c43c95a5c1a8b6587a1efa177a9bc4a7aa345",
  "pins" : [
    {
      "identity" : "causality",
      "kind" : "remoteSourceControl",
      "location" : "https://github.com/dannys42/Causality.git",
      "state" : {
        "revision" : "4122e2059ffb26f051869c5d3c0d4c2dfd9096a5",
        "version" : "0.0.6"
      }
    },
    {
      "identity" : "clua",
      "kind" : "remoteSourceControl",
      "location" : "https://github.com/SwiftyLua/CLua",
      "state" : {
        "branch" : "main",
        "revision" : "6cbd08845f9746095cf6ddde426acb5cda8a01ac"
      }
    },
    {
      "identity" : "dsfappearancemanager",
      "kind" : "remoteSourceControl",
      "location" : "https://github.com/dagronf/DSFAppearanceManager",
      "state" : {
        "revision" : "e9add5fdf05fe50950d105c77963b7373ddb5ad4",
        "version" : "3.5.1"
      }
    },
    {
      "identity" : "dsfquickactionbar",
      "kind" : "remoteSourceControl",
      "location" : "https://github.com/dagronf/DSFQuickActionBar.git",
      "state" : {
        "revision" : "7be7b3bd2cebb19ee119ba1f972ecce581de5aeb",
        "version" : "6.2.0"
      }
    },
    {
      "identity" : "lua4swift",
      "kind" : "remoteSourceControl",
      "location" : "https://github.com/SwiftyLua/lua4swift",
      "state" : {
        "branch" : "main",
        "revision" : "7d2cec6ef9abbb3a9325d7bd8fd75928691d94ab"
      }
    },
    {
      "identity" : "magnet",
      "kind" : "remoteSourceControl",
      "location" : "https://github.com/Clipy/Magnet.git",
      "state" : {
        "branch" : "master",
        "revision" : "0d6a869cbb40142488ed58c1be631b6823fca169"
      }
    },
    {
      "identity" : "sauce",
      "kind" : "remoteSourceControl",
      "location" : "https://github.com/Clipy/Sauce",
      "state" : {
        "revision" : "df657bc1beba23ffd580953f183cd756b5bcd514",
        "version" : "2.4.1"
      }
    },
    {
      "identity" : "snapkit",
      "kind" : "remoteSourceControl",
      "location" : "https://github.com/SnapKit/SnapKit.git",
      "state" : {
        "revision" : "2842e6e84e82eb9a8dac0100ca90d9444b0307f4",
        "version" : "5.7.1"
      }
    },
    {
      "identity" : "swiftylua",
      "kind" : "remoteSourceControl",
      "location" : "git@github.com:SwiftyLua/SwiftyLua.git",
      "state" : {
        "branch" : "main",
        "revision" : "b48ea749f8e31517b420db3bdc506a5d0e22a5a9"
      }
    }
  ],
  "version" : 3
}
