{
  "originHash" : "490ef1dce306d70c40a2e9bfd5af0113cec29a79344a512d465738e8c3a9787d",
  "pins" : [
    {
      "identity" : "causality",
      "kind" : "remoteSourceControl",
      "location" : "https://github.com/dannys42/Causality.git",
      "state" : {
        "revision" : "4122e2059ffb26f051869c5d3c0d4c2dfd9096a5",
        "version" : "0.0.6"
      }
    },
    {
      "identity" : "floatingfilter",
      "kind" : "remoteSourceControl",
      "location" : "https://github.com/CleanCocoa/FloatingFilter.git",
      "state" : {
        "revision" : "853901ef2510b79e4e6c0e287c621f4e02a729d4",
        "version" : "0.8.0"
      }
    }
  ],
  "version" : 3
}
