{
  "originHash" : "2b5d97612c7624121eff8c3eb5144e85384cc6e3601f86153ac91ddd23bf9ebb",
  "pins" : [
    {
      "identity" : "causality",
      "kind" : "remoteSourceControl",
      "location" : "https://github.com/dannys42/Causality.git",
      "state" : {
        "revision" : "4122e2059ffb26f051869c5d3c0d4c2dfd9096a5",
        "version" : "0.0.6"
      }
    },
    {
      "identity" : "dsfappearancemanager",
      "kind" : "remoteSourceControl",
      "location" : "https://github.com/dagronf/DSFAppearanceManager",
      "state" : {
        "revision" : "e9add5fdf05fe50950d105c77963b7373ddb5ad4",
        "version" : "3.5.1"
      }
    },
    {
      "identity" : "dsfquickactionbar",
      "kind" : "remoteSourceControl",
      "location" : "https://github.com/dagronf/DSFQuickActionBar.git",
      "state" : {
        "revision" : "7be7b3bd2cebb19ee119ba1f972ecce581de5aeb",
        "version" : "6.2.0"
      }
    }
  ],
  "version" : 3
}
